
Microsoft Visual Studio Solution File, Format Version 12.00
# Visual Studio Version 16
VisualStudioVersion = 25.0.1706.4
MinimumVisualStudioVersion = 10.0.40219.1
Project("{FAE04EC0-301F-11D3-BF4B-00C04F79EFBC}") = "Project20", "Project20\Project20.csproj", "{0ED9872A-2EF6-451F-8629-9341BB3A4ECE}"
EndProject
Project("{FAE04EC0-301F-11D3-BF4B-00C04F79EFBC}") = "Project21", "Project21\Project21.csproj", "{A59C85FE-3B83-4117-911C-CE970E3639CE}"
EndProject
Project("{FAE04EC0-301F-11D3-BF4B-00C04F79EFBC}") = "Project22", "Project22\Project22.csproj", "{76AC60DD-EB8B-4E1B-95A7-58F5A8D978A1}"
EndProject
Project("{FAE04EC0-301F-11D3-BF4B-00C04F79EFBC}") = "Project23", "Project23\Project23.csproj", "{95AC9079-CE30-4D1A-A025-8C778AAEDA04}"
EndProject
Global
	GlobalSection(SolutionConfigurationPlatforms) = preSolution
		Debug|Any CPU = Debug|Any CPU
		Release|Any CPU = Release|Any CPU
	EndGlobalSection
	GlobalSection(ProjectConfigurationPlatforms) = postSolution
		{0ED9872A-2EF6-451F-8629-9341BB3A4ECE}.Debug|Any CPU.ActiveCfg = Debug|Any CPU
		{0ED9872A-2EF6-451F-8629-9341BB3A4ECE}.Debug|Any CPU.Build.0 = Debug|Any CPU
		{0ED9872A-2EF6-451F-8629-9341BB3A4ECE}.Release|Any CPU.ActiveCfg = Release|Any CPU
		{0ED9872A-2EF6-451F-8629-9341BB3A4ECE}.Release|Any CPU.Build.0 = Release|Any CPU
		{A59C85FE-3B83-4117-911C-CE970E3639CE}.Debug|Any CPU.ActiveCfg = Debug|Any CPU
		{A59C85FE-3B83-4117-911C-CE970E3639CE}.Debug|Any CPU.Build.0 = Debug|Any CPU
		{A59C85FE-3B83-4117-911C-CE970E3639CE}.Release|Any CPU.ActiveCfg = Release|Any CPU
		{A59C85FE-3B83-4117-911C-CE970E3639CE}.Release|Any CPU.Build.0 = Release|Any CPU
		{76AC60DD-EB8B-4E1B-95A7-58F5A8D978A1}.Debug|Any CPU.ActiveCfg = Debug|Any CPU
		{76AC60DD-EB8B-4E1B-95A7-58F5A8D978A1}.Debug|Any CPU.Build.0 = Debug|Any CPU
		{76AC60DD-EB8B-4E1B-95A7-58F5A8D978A1}.Release|Any CPU.ActiveCfg = Release|Any CPU
		{76AC60DD-EB8B-4E1B-95A7-58F5A8D978A1}.Release|Any CPU.Build.0 = Release|Any CPU
		{95AC9079-CE30-4D1A-A025-8C778AAEDA04}.Debug|Any CPU.ActiveCfg = Debug|Any CPU
		{95AC9079-CE30-4D1A-A025-8C778AAEDA04}.Debug|Any CPU.Build.0 = Debug|Any CPU
		{95AC9079-CE30-4D1A-A025-8C778AAEDA04}.Release|Any CPU.ActiveCfg = Release|Any CPU
		{95AC9079-CE30-4D1A-A025-8C778AAEDA04}.Release|Any CPU.Build.0 = Release|Any CPU
	EndGlobalSection
	GlobalSection(SolutionProperties) = preSolution
		HideSolutionNode = FALSE
	EndGlobalSection
	GlobalSection(ExtensibilityGlobals) = postSolution
		SolutionGuid = {974566E8-873A-4114-97F6-8E39B6464B56}
	EndGlobalSection
EndGlobal
